
Microsoft Visual Studio Solution File, Format Version 12.00
# Visual Studio Version 17
VisualStudioVersion = 17.11.35327.3
MinimumVisualStudioVersion = 10.0.40219.1
Project("{9A19103F-16F7-4668-BE54-9A1E7A4F7556}") = "MyTime", "MyTime.csproj", "{4770CE50-6887-4F3F-9EEB-8E9826BB28DA}"
EndProject
Global
	GlobalSection(SolutionConfigurationPlatforms) = preSolution
		Debug|Any CPU = Debug|Any CPU
		Release|Any CPU = Release|Any CPU
	EndGlobalSection
	GlobalSection(ProjectConfigurationPlatforms) = postSolution
		{4770CE50-6887-4F3F-9EEB-8E9826BB28DA}.Debug|Any CPU.ActiveCfg = Debug|Any CPU
		{4770CE50-6887-4F3F-9EEB-8E9826BB28DA}.Debug|Any CPU.Build.0 = Debug|Any CPU
		{4770CE50-6887-4F3F-9EEB-8E9826BB28DA}.Release|Any CPU.ActiveCfg = Release|Any CPU
		{4770CE50-6887-4F3F-9EEB-8E9826BB28DA}.Release|Any CPU.Build.0 = Release|Any CPU
	EndGlobalSection
	GlobalSection(SolutionProperties) = preSolution
		HideSolutionNode = FALSE
	EndGlobalSection
	GlobalSection(ExtensibilityGlobals) = postSolution
		SolutionGuid = {A69F8C49-92D7-445D-BE35-0FBD9D85ACD4}
	EndGlobalSection
EndGlobal
